
Microsoft Visual Studio Solution File, Format Version 12.00
# Visual Studio Version 16
VisualStudioVersion = 16.0.34114.132
MinimumVisualStudioVersion = 10.0.40219.1
Project("{8BC9CEB8-8B4A-11D0-8D11-00A0C91BC942}") = "faxg4coder", "faxg4coder\faxg4coder.vcxproj", "{91766380-08A1-4213-BD02-4514515AAB9A}"
EndProject
Project("{8BC9CEB8-8B4A-11D0-8D11-00A0C91BC942}") = "faxlzwcoder", "faxlzwcoder\faxlzwcoder.vcxproj", "{3D5C8066-5984-450E-9BA4-62DC0D5E80E9}"
EndProject
Global
	GlobalSection(SolutionConfigurationPlatforms) = preSolution
		Debug|ARM64 = Debug|ARM64
		Debug|x64 = Debug|x64
		Debug|x86 = Debug|x86
		Release|ARM64 = Release|ARM64
		Release|x64 = Release|x64
		Release|x86 = Release|x86
	EndGlobalSection
	GlobalSection(ProjectConfigurationPlatforms) = postSolution
		{91766380-08A1-4213-BD02-4514515AAB9A}.Debug|ARM64.ActiveCfg = Debug|ARM64
		{91766380-08A1-4213-BD02-4514515AAB9A}.Debug|ARM64.Build.0 = Debug|ARM64
		{91766380-08A1-4213-BD02-4514515AAB9A}.Debug|x64.ActiveCfg = Debug|x64
		{91766380-08A1-4213-BD02-4514515AAB9A}.Debug|x64.Build.0 = Debug|x64
		{91766380-08A1-4213-BD02-4514515AAB9A}.Debug|x86.ActiveCfg = Debug|Win32
		{91766380-08A1-4213-BD02-4514515AAB9A}.Debug|x86.Build.0 = Debug|Win32
		{91766380-08A1-4213-BD02-4514515AAB9A}.Release|ARM64.ActiveCfg = Release|ARM64
		{91766380-08A1-4213-BD02-4514515AAB9A}.Release|ARM64.Build.0 = Release|ARM64
		{91766380-08A1-4213-BD02-4514515AAB9A}.Release|x64.ActiveCfg = Release|x64
		{91766380-08A1-4213-BD02-4514515AAB9A}.Release|x64.Build.0 = Release|x64
		{91766380-08A1-4213-BD02-4514515AAB9A}.Release|x86.ActiveCfg = Release|Win32
		{91766380-08A1-4213-BD02-4514515AAB9A}.Release|x86.Build.0 = Release|Win32
		{3D5C8066-5984-450E-9BA4-62DC0D5E80E9}.Debug|ARM64.ActiveCfg = Debug|ARM64
		{3D5C8066-5984-450E-9BA4-62DC0D5E80E9}.Debug|ARM64.Build.0 = Debug|ARM64
		{3D5C8066-5984-450E-9BA4-62DC0D5E80E9}.Debug|x64.ActiveCfg = Debug|x64
		{3D5C8066-5984-450E-9BA4-62DC0D5E80E9}.Debug|x64.Build.0 = Debug|x64
		{3D5C8066-5984-450E-9BA4-62DC0D5E80E9}.Debug|x86.ActiveCfg = Debug|Win32
		{3D5C8066-5984-450E-9BA4-62DC0D5E80E9}.Debug|x86.Build.0 = Debug|Win32
		{3D5C8066-5984-450E-9BA4-62DC0D5E80E9}.Release|ARM64.ActiveCfg = Release|ARM64
		{3D5C8066-5984-450E-9BA4-62DC0D5E80E9}.Release|ARM64.Build.0 = Release|ARM64
		{3D5C8066-5984-450E-9BA4-62DC0D5E80E9}.Release|x64.ActiveCfg = Release|x64
		{3D5C8066-5984-450E-9BA4-62DC0D5E80E9}.Release|x64.Build.0 = Release|x64
		{3D5C8066-5984-450E-9BA4-62DC0D5E80E9}.Release|x86.ActiveCfg = Release|Win32
		{3D5C8066-5984-450E-9BA4-62DC0D5E80E9}.Release|x86.Build.0 = Release|Win32
	EndGlobalSection
	GlobalSection(SolutionProperties) = preSolution
		HideSolutionNode = FALSE
	EndGlobalSection
	GlobalSection(ExtensibilityGlobals) = postSolution
		SolutionGuid = {59473993-E79B-411A-B27E-D84FF19E429F}
	EndGlobalSection
EndGlobal
